
Microsoft Visual Studio Solution File, Format Version 12.00
# Visual Studio Version 16
VisualStudioVersion = 16.0.29306.81
MinimumVisualStudioVersion = 10.0.40219.1
Project("{8BC9CEB8-8B4A-11D0-8D11-00A0C91BC942}") = "moskal_PA-19-2_LB5", "moskal_PA-19-2_LB5\moskal_PA-19-2_LB5.vcxproj", "{6B28B8BD-3A6E-47BF-B284-7D1D1B9A8AC0}"
EndProject
Global
	GlobalSection(SolutionConfigurationPlatforms) = preSolution
		Debug|x64 = Debug|x64
		Debug|x86 = Debug|x86
		Release|x64 = Release|x64
		Release|x86 = Release|x86
	EndGlobalSection
	GlobalSection(ProjectConfigurationPlatforms) = postSolution
		{6B28B8BD-3A6E-47BF-B284-7D1D1B9A8AC0}.Debug|x64.ActiveCfg = Debug|x64
		{6B28B8BD-3A6E-47BF-B284-7D1D1B9A8AC0}.Debug|x64.Build.0 = Debug|x64
		{6B28B8BD-3A6E-47BF-B284-7D1D1B9A8AC0}.Debug|x86.ActiveCfg = Debug|Win32
		{6B28B8BD-3A6E-47BF-B284-7D1D1B9A8AC0}.Debug|x86.Build.0 = Debug|Win32
		{6B28B8BD-3A6E-47BF-B284-7D1D1B9A8AC0}.Release|x64.ActiveCfg = Release|x64
		{6B28B8BD-3A6E-47BF-B284-7D1D1B9A8AC0}.Release|x64.Build.0 = Release|x64
		{6B28B8BD-3A6E-47BF-B284-7D1D1B9A8AC0}.Release|x86.ActiveCfg = Release|Win32
		{6B28B8BD-3A6E-47BF-B284-7D1D1B9A8AC0}.Release|x86.Build.0 = Release|Win32
	EndGlobalSection
	GlobalSection(SolutionProperties) = preSolution
		HideSolutionNode = FALSE
	EndGlobalSection
	GlobalSection(ExtensibilityGlobals) = postSolution
		SolutionGuid = {1517E6F8-ADCB-421B-A027-8F762FB99DC6}
	EndGlobalSection
EndGlobal
